
Microsoft Visual Studio Solution File, Format Version 12.00
# Visual Studio 2010
Project("{FAE04EC0-301F-11D3-BF4B-00C04F79EFBC}") = "EstadosdePagos", "EstadosdePagos.csproj", "{050299CD-7885-4389-B95A-D5F5C8AAB4E8}"
EndProject
Global
	GlobalSection(SolutionConfigurationPlatforms) = preSolution
		Debug|Any CPU = Debug|Any CPU
		Release|Any CPU = Release|Any CPU
	EndGlobalSection
	GlobalSection(ProjectConfigurationPlatforms) = postSolution
		{050299CD-7885-4389-B95A-D5F5C8AAB4E8}.Debug|Any CPU.ActiveCfg = Debug|Any CPU
		{050299CD-7885-4389-B95A-D5F5C8AAB4E8}.Debug|Any CPU.Build.0 = Debug|Any CPU
		{050299CD-7885-4389-B95A-D5F5C8AAB4E8}.Release|Any CPU.ActiveCfg = Release|Any CPU
		{050299CD-7885-4389-B95A-D5F5C8AAB4E8}.Release|Any CPU.Build.0 = Release|Any CPU
	EndGlobalSection
	GlobalSection(SolutionProperties) = preSolution
		HideSolutionNode = FALSE
	EndGlobalSection
EndGlobal
